
Microsoft Visual Studio Solution File, Format Version 12.00
# Visual Studio Version 16
VisualStudioVersion = 16.0.30204.135
MinimumVisualStudioVersion = 10.0.40219.1
Project("{FAE04EC0-301F-11D3-BF4B-00C04F79EFBC}") = "num1", "num1\num1.csproj", "{BF2B4B14-6EFA-4C4E-949C-CAAE6D1AFB9C}"
EndProject
Global
	GlobalSection(SolutionConfigurationPlatforms) = preSolution
		Debug|Any CPU = Debug|Any CPU
		Release|Any CPU = Release|Any CPU
	EndGlobalSection
	GlobalSection(ProjectConfigurationPlatforms) = postSolution
		{BF2B4B14-6EFA-4C4E-949C-CAAE6D1AFB9C}.Debug|Any CPU.ActiveCfg = Debug|Any CPU
		{BF2B4B14-6EFA-4C4E-949C-CAAE6D1AFB9C}.Debug|Any CPU.Build.0 = Debug|Any CPU
		{BF2B4B14-6EFA-4C4E-949C-CAAE6D1AFB9C}.Release|Any CPU.ActiveCfg = Release|Any CPU
		{BF2B4B14-6EFA-4C4E-949C-CAAE6D1AFB9C}.Release|Any CPU.Build.0 = Release|Any CPU
	EndGlobalSection
	GlobalSection(SolutionProperties) = preSolution
		HideSolutionNode = FALSE
	EndGlobalSection
	GlobalSection(ExtensibilityGlobals) = postSolution
		SolutionGuid = {1C3E2320-F0DB-4CEA-A60D-8C98405EFD06}
	EndGlobalSection
EndGlobal
